// !$*UTF8*$!
{
	archiveVersion = 1;
	classes = {
	};
	objectVersion = 50;
	objects = {

/* Begin PBXBuildFile section */
		66385FAF20C66ECB00B103EC /* AppDelegate.swift in Sources */ = {isa = PBXBuildFile; fileRef = 66385FAE20C66ECB00B103EC /* AppDelegate.swift */; };
		66385FB120C66ECB00B103EC /* ViewController.swift in Sources */ = {isa = PBXBuildFile; fileRef = 66385FB020C66ECB00B103EC /* ViewController.swift */; };
		66385FB420C66ECB00B103EC /* Main.storyboard in Resources */ = {isa = PBXBuildFile; fileRef = 66385FB220C66ECB00B103EC /* Main.storyboard */; };
		66385FB620C66ECC00B103EC /* Assets.xcassets in Resources */ = {isa = PBXBuildFile; fileRef = 66385FB520C66ECC00B103EC /* Assets.xcassets */; };
		66385FB920C66ECC00B103EC /* LaunchScreen.storyboard in Resources */ = {isa = PBXBuildFile; fileRef = 66385FB720C66ECC00B103EC /* LaunchScreen.storyboard */; };
		66385FC420C66ECC00B103EC /* StopWatchTests.swift in Sources */ = {isa = PBXBuildFile; fileRef = 66385FC320C66ECC00B103EC /* StopWatchTests.swift */; };
		66385FCF20C66ECC00B103EC /* StopWatchUITests.swift in Sources */ = {isa = PBXBuildFile; fileRef = 66385FCE20C66ECC00B103EC /* StopWatchUITests.swift */; };
/* End PBXBuildFile section */

/* Begin PBXContainerItemProxy section */
		66385FC020C66ECC00B103EC /* PBXContainerItemProxy */ = {
			isa = PBXContainerItemProxy;
			containerPortal = 66385FA320C66ECB00B103EC /* Project object */;
			proxyType = 1;
			remoteGlobalIDString = 66385FAA20C66ECB00B103EC;
			remoteInfo = StopWatch;
		};
		66385FCB20C66ECC00B103EC /* PBXContainerItemProxy */ = {
			isa = PBXContainerItemProxy;
			containerPortal = 66385FA320C66ECB00B103EC /* Project object */;
			proxyType = 1;
			remoteGlobalIDString = 66385FAA20C66ECB00B103EC;
			remoteInfo = StopWatch;
		};
/* End PBXContainerItemProxy section */

/* Begin PBXFileReference section */
		66385FAB20C66ECB00B103EC /* StopWatch.app */ = {isa = PBXFileReference; explicitFileType = wrapper.application; includeInIndex = 0; path = StopWatch.app; sourceTree = BUILT_PRODUCTS_DIR; };
		66385FAE20C66ECB00B103EC /* AppDelegate.swift */ = {isa = PBXFileReference; lastKnownFileType = sourcecode.swift; path = AppDelegate.swift; sourceTree = "<group>"; };
		66385FB020C66ECB00B103EC /* ViewController.swift */ = {isa = PBXFileReference; lastKnownFileType = sourcecode.swift; path = ViewController.swift; sourceTree = "<group>"; };
		66385FB320C66ECB00B103EC /* Base */ = {isa = PBXFileReference; lastKnownFileType = file.storyboard; name = Base; path = Base.lproj/Main.storyboard; sourceTree = "<group>"; };
		66385FB520C66ECC00B103EC /* Assets.xcassets */ = {isa = PBXFileReference; lastKnownFileType = folder.assetcatalog; path = Assets.xcassets; sourceTree = "<group>"; };
		66385FB820C66ECC00B103EC /* Base */ = {isa = PBXFileReference; lastKnownFileType = file.storyboard; name = Base; path = Base.lproj/LaunchScreen.storyboard; sourceTree = "<group>"; };
		66385FBA20C66ECC00B103EC /* Info.plist */ = {isa = PBXFileReference; lastKnownFileType = text.plist.xml; path = Info.plist; sourceTree = "<group>"; };
		66385FBF20C66ECC00B103EC /* StopWatchTests.xctest */ = {isa = PBXFileReference; explicitFileType = wrapper.cfbundle; includeInIndex = 0; path = StopWatchTests.xctest; sourceTree = BUILT_PRODUCTS_DIR; };
		66385FC320C66ECC00B103EC /* StopWatchTests.swift */ = {isa = PBXFileReference; lastKnownFileType = sourcecode.swift; path = StopWatchTests.swift; sourceTree = "<group>"; };
		66385FC520C66ECC00B103EC /* Info.plist */ = {isa = PBXFileReference; lastKnownFileType = text.plist.xml; path = Info.plist; sourceTree = "<group>"; };
		66385FCA20C66ECC00B103EC /* StopWatchUITests.xctest */ = {isa = PBXFileReference; explicitFileType = wrapper.cfbundle; includeInIndex = 0; path = StopWatchUITests.xctest; sourceTree = BUILT_PRODUCTS_DIR; };
		66385FCE20C66ECC00B103EC /* StopWatchUITests.swift */ = {isa = PBXFileReference; lastKnownFileType = sourcecode.swift; path = StopWatchUITests.swift; sourceTree = "<group>"; };
		66385FD020C66ECC00B103EC /* Info.plist */ = {isa = PBXFileReference; lastKnownFileType = text.plist.xml; path = Info.plist; sourceTree = "<group>"; };
/* End PBXFileReference section */

/* Begin PBXFrameworksBuildPhase section */
		66385FA820C66ECB00B103EC /* Frameworks */ = {
			isa = PBXFrameworksBuildPhase;
			buildActionMask = 2147483647;
			files = (
			);
			runOnlyForDeploymentPostprocessing = 0;
		};
		66385FBC20C66ECC00B103EC /* Frameworks */ = {
			isa = PBXFrameworksBuildPhase;
			buildActionMask = 2147483647;
			files = (
			);
			runOnlyForDeploymentPostprocessing = 0;
		};
		66385FC720C66ECC00B103EC /* Frameworks */ = {
			isa = PBXFrameworksBuildPhase;
			buildActionMask = 2147483647;
			files = (
			);
			runOnlyForDeploymentPostprocessing = 0;
		};
/* End PBXFrameworksBuildPhase section */

/* Begin PBXGroup section */
		66385FA220C66ECB00B103EC = {
			isa = PBXGroup;
			children = (
				66385FAD20C66ECB00B103EC /* StopWatch */,
				66385FC220C66ECC00B103EC /* StopWatchTests */,
				66385FCD20C66ECC00B103EC /* StopWatchUITests */,
				66385FAC20C66ECB00B103EC /* Products */,
			);
			sourceTree = "<group>";
		};
		66385FAC20C66ECB00B103EC /* Products */ = {
			isa = PBXGroup;
			children = (
				66385FAB20C66ECB00B103EC /* StopWatch.app */,
				66385FBF20C66ECC00B103EC /* StopWatchTests.xctest */,
				66385FCA20C66ECC00B103EC /* StopWatchUITests.xctest */,
			);
			name = Products;
			sourceTree = "<group>";
		};
		66385FAD20C66ECB00B103EC /* StopWatch */ = {
			isa = PBXGroup;
			children = (
				66385FAE20C66ECB00B103EC /* AppDelegate.swift */,
				66385FB020C66ECB00B103EC /* ViewController.swift */,
				66385FB220C66ECB00B103EC /* Main.storyboard */,
				66385FB520C66ECC00B103EC /* Assets.xcassets */,
				66385FB720C66ECC00B103EC /* LaunchScreen.storyboard */,
				66385FBA20C66ECC00B103EC /* Info.plist */,
			);
			path = StopWatch;
			sourceTree = "<group>";
		};
		66385FC220C66ECC00B103EC /* StopWatchTests */ = {
			isa = PBXGroup;
			children = (
				66385FC320C66ECC00B103EC /* StopWatchTests.swift */,
				66385FC520C66ECC00B103EC /* Info.plist */,
			);
			path = StopWatchTests;
			sourceTree = "<group>";
		};
		66385FCD20C66ECC00B103EC /* StopWatchUITests */ = {
			isa = PBXGroup;
			children = (
				66385FCE20C66ECC00B103EC /* StopWatchUITests.swift */,
				66385FD020C66ECC00B103EC /* Info.plist */,
			);
			path = StopWatchUITests;
			sourceTree = "<group>";
		};
/* End PBXGroup section */

/* Begin PBXNativeTarget section */
		66385FAA20C66ECB00B103EC /* StopWatch */ = {
			isa = PBXNativeTarget;
			buildConfigurationList = 66385FD320C66ECC00B103EC /* Build configuration list for PBXNativeTarget "StopWatch" */;
			buildPhases = (
				66385FA720C66ECB00B103EC /* Sources */,
				66385FA820C66ECB00B103EC /* Frameworks */,
				66385FA920C66ECB00B103EC /* Resources */,
			);
			buildRules = (
			);
			dependencies = (
			);
			name = StopWatch;
			productName = StopWatch;
			productReference = 66385FAB20C66ECB00B103EC /* StopWatch.app */;
			productType = "com.apple.product-type.application";
		};
		66385FBE20C66ECC00B103EC /* StopWatchTests */ = {
			isa = PBXNativeTarget;
			buildConfigurationList = 66385FD620C66ECC00B103EC /* Build configuration list for PBXNativeTarget "StopWatchTests" */;
			buildPhases = (
				66385FBB20C66ECC00B103EC /* Sources */,
				66385FBC20C66ECC00B103EC /* Frameworks */,
				66385FBD20C66ECC00B103EC /* Resources */,
			);
			buildRules = (
			);
			dependencies = (
				66385FC120C66ECC00B103EC /* PBXTargetDependency */,
			);
			name = StopWatchTests;
			productName = StopWatchTests;
			productReference = 66385FBF20C66ECC00B103EC /* StopWatchTests.xctest */;
			productType = "com.apple.product-type.bundle.unit-test";
		};
		66385FC920C66ECC00B103EC /* StopWatchUITests */ = {
			isa = PBXNativeTarget;
			buildConfigurationList = 66385FD920C66ECC00B103EC /* Build configuration list for PBXNativeTarget "StopWatchUITests" */;
			buildPhases = (
				66385FC620C66ECC00B103EC /* Sources */,
				66385FC720C66ECC00B103EC /* Frameworks */,
				66385FC820C66ECC00B103EC /* Resources */,
			);
			buildRules = (
			);
			dependencies = (
				66385FCC20C66ECC00B103EC /* PBXTargetDependency */,
			);
			name = StopWatchUITests;
			productName = StopWatchUITests;
			productReference = 66385FCA20C66ECC00B103EC /* StopWatchUITests.xctest */;
			productType = "com.apple.product-type.bundle.ui-testing";
		};
/* End PBXNativeTarget section */

/* Begin PBXProject section */
		66385FA320C66ECB00B103EC /* Project object */ = {
			isa = PBXProject;
			attributes = {
				LastSwiftUpdateCheck = 0940;
				LastUpgradeCheck = 0940;
				ORGANIZATIONNAME = TakumiObayashi;
				TargetAttributes = {
					66385FAA20C66ECB00B103EC = {
						CreatedOnToolsVersion = 9.4;
					};
					66385FBE20C66ECC00B103EC = {
						CreatedOnToolsVersion = 9.4;
						TestTargetID = 66385FAA20C66ECB00B103EC;
					};
					66385FC920C66ECC00B103EC = {
						CreatedOnToolsVersion = 9.4;
						TestTargetID = 66385FAA20C66ECB00B103EC;
					};
				};
			};
			buildConfigurationList = 66385FA620C66ECB00B103EC /* Build configuration list for PBXProject "StopWatch" */;
			compatibilityVersion = "Xcode 9.3";
			developmentRegion = en;
			hasScannedForEncodings = 0;
			knownRegions = (
				en,
				Base,
			);
			mainGroup = 66385FA220C66ECB00B103EC;
			productRefGroup = 66385FAC20C66ECB00B103EC /* Products */;
			projectDirPath = "";
			projectRoot = "";
			targets = (
				66385FAA20C66ECB00B103EC /* StopWatch */,
				66385FBE20C66ECC00B103EC /* StopWatchTests */,
				66385FC920C66ECC00B103EC /* StopWatchUITests */,
			);
		};
/* End PBXProject section */

/* Begin PBXResourcesBuildPhase section */
		66385FA920C66ECB00B103EC /* Resources */ = {
			isa = PBXResourcesBuildPhase;
			buildActionMask = 2147483647;
			files = (
				66385FB920C66ECC00B103EC /* LaunchScreen.storyboard in Resources */,
				66385FB620C66ECC00B103EC /* Assets.xcassets in Resources */,
				66385FB420C66ECB00B103EC /* Main.storyboard in Resources */,
			);
			runOnlyForDeploymentPostprocessing = 0;
		};
		66385FBD20C66ECC00B103EC /* Resources */ = {
			isa = PBXResourcesBuildPhase;
			buildActionMask = 2147483647;
			files = (
			);
			runOnlyForDeploymentPostprocessing = 0;
		};
		66385FC820C66ECC00B103EC /* Resources */ = {
			isa = PBXResourcesBuildPhase;
			buildActionMask = 2147483647;
			files = (
			);
			runOnlyForDeploymentPostprocessing = 0;
		};
/* End PBXResourcesBuildPhase section */

/* Begin PBXSourcesBuildPhase section */
		66385FA720C66ECB00B103EC /* Sources */ = {
			isa = PBXSourcesBuildPhase;
			buildActionMask = 2147483647;
			files = (
				66385FB120C66ECB00B103EC /* ViewController.swift in Sources */,
				66385FAF20C66ECB00B103EC /* AppDelegate.swift in Sources */,
			);
			runOnlyForDeploymentPostprocessing = 0;
		};
		66385FBB20C66ECC00B103EC /* Sources */ = {
			isa = PBXSourcesBuildPhase;
			buildActionMask = 2147483647;
			files = (
				66385FC420C66ECC00B103EC /* StopWatchTests.swift in Sources */,
			);
			runOnlyForDeploymentPostprocessing = 0;
		};
		66385FC620C66ECC00B103EC /* Sources */ = {
			isa = PBXSourcesBuildPhase;
			buildActionMask = 2147483647;
			files = (
				66385FCF20C66ECC00B103EC /* StopWatchUITests.swift in Sources */,
			);
			runOnlyForDeploymentPostprocessing = 0;
		};
/* End PBXSourcesBuildPhase section */

/* Begin PBXTargetDependency section */
		66385FC120C66ECC00B103EC /* PBXTargetDependency */ = {
			isa = PBXTargetDependency;
			target = 66385FAA20C66ECB00B103EC /* StopWatch */;
			targetProxy = 66385FC020C66ECC00B103EC /* PBXContainerItemProxy */;
		};
		66385FCC20C66ECC00B103EC /* PBXTargetDependency */ = {
			isa = PBXTargetDependency;
			target = 66385FAA20C66ECB00B103EC /* StopWatch */;
			targetProxy = 66385FCB20C66ECC00B103EC /* PBXContainerItemProxy */;
		};
/* End PBXTargetDependency section */

/* Begin PBXVariantGroup section */
		66385FB220C66ECB00B103EC /* Main.storyboard */ = {
			isa = PBXVariantGroup;
			children = (
				66385FB320C66ECB00B103EC /* Base */,
			);
			name = Main.storyboard;
			sourceTree = "<group>";
		};
		66385FB720C66ECC00B103EC /* LaunchScreen.storyboard */ = {
			isa = PBXVariantGroup;
			children = (
				66385FB820C66ECC00B103EC /* Base */,
			);
			name = LaunchScreen.storyboard;
			sourceTree = "<group>";
		};
/* End PBXVariantGroup section */

/* Begin XCBuildConfiguration section */
		66385FD120C66ECC00B103EC /* Debug */ = {
			isa = XCBuildConfiguration;
			buildSettings = {
				ALWAYS_SEARCH_USER_PATHS = NO;
				CLANG_ANALYZER_NONNULL = YES;
				CLANG_ANALYZER_NUMBER_OBJECT_CONVERSION = YES_AGGRESSIVE;
				CLANG_CXX_LANGUAGE_STANDARD = "gnu++14";
				CLANG_CXX_LIBRARY = "libc++";
				CLANG_ENABLE_MODULES = YES;
				CLANG_ENABLE_OBJC_ARC = YES;
				CLANG_ENABLE_OBJC_WEAK = YES;
				CLANG_WARN_BLOCK_CAPTURE_AUTORELEASING = YES;
				CLANG_WARN_BOOL_CONVERSION = YES;
				CLANG_WARN_COMMA = YES;
				CLANG_WARN_CONSTANT_CONVERSION = YES;
				CLANG_WARN_DEPRECATED_OBJC_IMPLEMENTATIONS = YES;
				CLANG_WARN_DIRECT_OBJC_ISA_USAGE = YES_ERROR;
				CLANG_WARN_DOCUMENTATION_COMMENTS = YES;
				CLANG_WARN_EMPTY_BODY = YES;
				CLANG_WARN_ENUM_CONVERSION = YES;
				CLANG_WARN_INFINITE_RECURSION = YES;
				CLANG_WARN_INT_CONVERSION = YES;
				CLANG_WARN_NON_LITERAL_NULL_CONVERSION = YES;
				CLANG_WARN_OBJC_IMPLICIT_RETAIN_SELF = YES;
				CLANG_WARN_OBJC_LITERAL_CONVERSION = YES;
				CLANG_WARN_OBJC_ROOT_CLASS = YES_ERROR;
				CLANG_WARN_RANGE_LOOP_ANALYSIS = YES;
				CLANG_WARN_STRICT_PROTOTYPES = YES;
				CLANG_WARN_SUSPICIOUS_MOVE = YES;
				CLANG_WARN_UNGUARDED_AVAILABILITY = YES_AGGRESSIVE;
				CLANG_WARN_UNREACHABLE_CODE = YES;
				CLANG_WARN__DUPLICATE_METHOD_MATCH = YES;
				CODE_SIGN_IDENTITY = "iPhone Developer";
				COPY_PHASE_STRIP = NO;
				DEBUG_INFORMATION_FORMAT = dwarf;
				ENABLE_STRICT_OBJC_MSGSEND = YES;
				ENABLE_TESTABILITY = YES;
				GCC_C_LANGUAGE_STANDARD = gnu11;
				GCC_DYNAMIC_NO_PIC = NO;
				GCC_NO_COMMON_BLOCKS = YES;
				GCC_OPTIMIZATION_LEVEL = 0;
				GCC_PREPROCESSOR_DEFINITIONS = (
					"DEBUG=1",
					"$(inherited)",
				);
				GCC_WARN_64_TO_32_BIT_CONVERSION = YES;
				GCC_WARN_ABOUT_RETURN_TYPE = YES_ERROR;
				GCC_WARN_UNDECLARED_SELECTOR = YES;
				GCC_WARN_UNINITIALIZED_AUTOS = YES_AGGRESSIVE;
				GCC_WARN_UNUSED_FUNCTION = YES;
				GCC_WARN_UNUSED_VARIABLE = YES;
				IPHONEOS_DEPLOYMENT_TARGET = 11.4;
				MTL_ENABLE_DEBUG_INFO = YES;
				ONLY_ACTIVE_ARCH = YES;
				SDKROOT = iphoneos;
				SWIFT_ACTIVE_COMPILATION_CONDITIONS = DEBUG;
				SWIFT_OPTIMIZATION_LEVEL = "-Onone";
			};
			name = Debug;
		};
		66385FD220C66ECC00B103EC /* Release */ = {
			isa = XCBuildConfiguration;
			buildSettings = {
				ALWAYS_SEARCH_USER_PATHS = NO;
				CLANG_ANALYZER_NONNULL = YES;
				CLANG_ANALYZER_NUMBER_OBJECT_CONVERSION = YES_AGGRESSIVE;
				CLANG_CXX_LANGUAGE_STANDARD = "gnu++14";
				CLANG_CXX_LIBRARY = "libc++";
				CLANG_ENABLE_MODULES = YES;
				CLANG_ENABLE_OBJC_ARC = YES;
				CLANG_ENABLE_OBJC_WEAK = YES;
				CLANG_WARN_BLOCK_CAPTURE_AUTORELEASING = YES;
				CLANG_WARN_BOOL_CONVERSION = YES;
				CLANG_WARN_COMMA = YES;
				CLANG_WARN_CONSTANT_CONVERSION = YES;
				CLANG_WARN_DEPRECATED_OBJC_IMPLEMENTATIONS = YES;
				CLANG_WARN_DIRECT_OBJC_ISA_USAGE = YES_ERROR;
				CLANG_WARN_DOCUMENTATION_COMMENTS = YES;
				CLANG_WARN_EMPTY_BODY = YES;
				CLANG_WARN_ENUM_CONVERSION = YES;
				CLANG_WARN_INFINITE_RECURSION = YES;
				CLANG_WARN_INT_CONVERSION = YES;
				CLANG_WARN_NON_LITERAL_NULL_CONVERSION = YES;
				CLANG_WARN_OBJC_IMPLICIT_RETAIN_SELF = YES;
				CLANG_WARN_OBJC_LITERAL_CONVERSION = YES;
				CLANG_WARN_OBJC_ROOT_CLASS = YES_ERROR;
				CLANG_WARN_RANGE_LOOP_ANALYSIS = YES;
				CLANG_WARN_STRICT_PROTOTYPES = YES;
				CLANG_WARN_SUSPICIOUS_MOVE = YES;
				CLANG_WARN_UNGUARDED_AVAILABILITY = YES_AGGRESSIVE;
				CLANG_WARN_UNREACHABLE_CODE = YES;
				CLANG_WARN__DUPLICATE_METHOD_MATCH = YES;
				CODE_SIGN_IDENTITY = "iPhone Developer";
				COPY_PHASE_STRIP = NO;
				DEBUG_INFORMATION_FORMAT = "dwarf-with-dsym";
				ENABLE_NS_ASSERTIONS = NO;
				ENABLE_STRICT_OBJC_MSGSEND = YES;
				GCC_C_LANGUAGE_STANDARD = gnu11;
				GCC_NO_COMMON_BLOCKS = YES;
				GCC_WARN_64_TO_32_BIT_CONVERSION = YES;
				GCC_WARN_ABOUT_RETURN_TYPE = YES_ERROR;
				GCC_WARN_UNDECLARED_SELECTOR = YES;
				GCC_WARN_UNINITIALIZED_AUTOS = YES_AGGRESSIVE;
				GCC_WARN_UNUSED_FUNCTION = YES;
				GCC_WARN_UNUSED_VARIABLE = YES;
				IPHONEOS_DEPLOYMENT_TARGET = 11.4;
				MTL_ENABLE_DEBUG_INFO = NO;
				SDKROOT = iphoneos;
				SWIFT_COMPILATION_MODE = wholemodule;
				SWIFT_OPTIMIZATION_LEVEL = "-O";
				VALIDATE_PRODUCT = YES;
			};
			name = Release;
		};
		66385FD420C66ECC00B103EC /* Debug */ = {
			isa = XCBuildConfiguration;
			buildSettings = {
				ASSETCATALOG_COMPILER_APPICON_NAME = AppIcon;
				CODE_SIGN_STYLE = Automatic;
				DEVELOPMENT_TEAM = 6JB2SDQGN3;
				INFOPLIST_FILE = StopWatch/Info.plist;
				LD_RUNPATH_SEARCH_PATHS = (
					"$(inherited)",
					"@executable_path/Frameworks",
				);
				PRODUCT_BUNDLE_IDENTIFIER = TakumiObayashi.StopWatch;
				PRODUCT_NAME = "$(TARGET_NAME)";
				SWIFT_VERSION = 4.0;
				TARGETED_DEVICE_FAMILY = "1,2";
			};
			name = Debug;
		};
		66385FD520C66ECC00B103EC /* Release */ = {
			isa = XCBuildConfiguration;
			buildSettings = {
				ASSETCATALOG_COMPILER_APPICON_NAME = AppIcon;
				CODE_SIGN_STYLE = Automatic;
				DEVELOPMENT_TEAM = 6JB2SDQGN3;
				INFOPLIST_FILE = StopWatch/Info.plist;
				LD_RUNPATH_SEARCH_PATHS = (
					"$(inherited)",
					"@executable_path/Frameworks",
				);
				PRODUCT_BUNDLE_IDENTIFIER = TakumiObayashi.StopWatch;
				PRODUCT_NAME = "$(TARGET_NAME)";
				SWIFT_VERSION = 4.0;
				TARGETED_DEVICE_FAMILY = "1,2";
			};
			name = Release;
		};
		66385FD720C66ECC00B103EC /* Debug */ = {
			isa = XCBuildConfiguration;
			buildSettings = {
				ALWAYS_EMBED_SWIFT_STANDARD_LIBRARIES = YES;
				BUNDLE_LOADER = "$(TEST_HOST)";
				CODE_SIGN_STYLE = Automatic;
				DEVELOPMENT_TEAM = 6JB2SDQGN3;
				INFOPLIST_FILE = StopWatchTests/Info.plist;
				LD_RUNPATH_SEARCH_PATHS = (
					"$(inherited)",
					"@executable_path/Frameworks",
					"@loader_path/Frameworks",
				);
				PRODUCT_BUNDLE_IDENTIFIER = TakumiObayashi.StopWatchTests;
				PRODUCT_NAME = "$(TARGET_NAME)";
				SWIFT_VERSION = 4.0;
				TARGETED_DEVICE_FAMILY = "1,2";
				TEST_HOST = "$(BUILT_PRODUCTS_DIR)/StopWatch.app/StopWatch";
			};
			name = Debug;
		};
		66385FD820C66ECC00B103EC /* Release */ = {
			isa = XCBuildConfiguration;
			buildSettings = {
				ALWAYS_EMBED_SWIFT_STANDARD_LIBRARIES = YES;
				BUNDLE_LOADER = "$(TEST_HOST)";
				CODE_SIGN_STYLE = Automatic;
				DEVELOPMENT_TEAM = 6JB2SDQGN3;
				INFOPLIST_FILE = StopWatchTests/Info.plist;
				LD_RUNPATH_SEARCH_PATHS = (
					"$(inherited)",
					"@executable_path/Frameworks",
					"@loader_path/Frameworks",
				);
				PRODUCT_BUNDLE_IDENTIFIER = TakumiObayashi.StopWatchTests;
				PRODUCT_NAME = "$(TARGET_NAME)";
				SWIFT_VERSION = 4.0;
				TARGETED_DEVICE_FAMILY = "1,2";
				TEST_HOST = "$(BUILT_PRODUCTS_DIR)/StopWatch.app/StopWatch";
			};
			name = Release;
		};
		66385FDA20C66ECC00B103EC /* Debug */ = {
			isa = XCBuildConfiguration;
			buildSettings = {
				ALWAYS_EMBED_SWIFT_STANDARD_LIBRARIES = YES;
				CODE_SIGN_STYLE = Automatic;
				DEVELOPMENT_TEAM = 6JB2SDQGN3;
				INFOPLIST_FILE = StopWatchUITests/Info.plist;
				LD_RUNPATH_SEARCH_PATHS = (
					"$(inherited)",
					"@executable_path/Frameworks",
					"@loader_path/Frameworks",
				);
				PRODUCT_BUNDLE_IDENTIFIER = TakumiObayashi.StopWatchUITests;
				PRODUCT_NAME = "$(TARGET_NAME)";
				SWIFT_VERSION = 4.0;
				TARGETED_DEVICE_FAMILY = "1,2";
				TEST_TARGET_NAME = StopWatch;
			};
			name = Debug;
		};
		66385FDB20C66ECC00B103EC /* Release */ = {
			isa = XCBuildConfiguration;
			buildSettings = {
				ALWAYS_EMBED_SWIFT_STANDARD_LIBRARIES = YES;
				CODE_SIGN_STYLE = Automatic;
				DEVELOPMENT_TEAM = 6JB2SDQGN3;
				INFOPLIST_FILE = StopWatchUITests/Info.plist;
				LD_RUNPATH_SEARCH_PATHS = (
					"$(inherited)",
					"@executable_path/Frameworks",
					"@loader_path/Frameworks",
				);
				PRODUCT_BUNDLE_IDENTIFIER = TakumiObayashi.StopWatchUITests;
				PRODUCT_NAME = "$(TARGET_NAME)";
				SWIFT_VERSION = 4.0;
				TARGETED_DEVICE_FAMILY = "1,2";
				TEST_TARGET_NAME = StopWatch;
			};
			name = Release;
		};
/* End XCBuildConfiguration section */

/* Begin XCConfigurationList section */
		66385FA620C66ECB00B103EC /* Build configuration list for PBXProject "StopWatch" */ = {
			isa = XCConfigurationList;
			buildConfigurations = (
				66385FD120C66ECC00B103EC /* Debug */,
				66385FD220C66ECC00B103EC /* Release */,
			);
			defaultConfigurationIsVisible = 0;
			defaultConfigurationName = Release;
		};
		66385FD320C66ECC00B103EC /* Build configuration list for PBXNativeTarget "StopWatch" */ = {
			isa = XCConfigurationList;
			buildConfigurations = (
				66385FD420C66ECC00B103EC /* Debug */,
				66385FD520C66ECC00B103EC /* Release */,
			);
			defaultConfigurationIsVisible = 0;
			defaultConfigurationName = Release;
		};
		66385FD620C66ECC00B103EC /* Build configuration list for PBXNativeTarget "StopWatchTests" */ = {
			isa = XCConfigurationList;
			buildConfigurations = (
				66385FD720C66ECC00B103EC /* Debug */,
				66385FD820C66ECC00B103EC /* Release */,
			);
			defaultConfigurationIsVisible = 0;
			defaultConfigurationName = Release;
		};
		66385FD920C66ECC00B103EC /* Build configuration list for PBXNativeTarget "StopWatchUITests" */ = {
			isa = XCConfigurationList;
			buildConfigurations = (
				66385FDA20C66ECC00B103EC /* Debug */,
				66385FDB20C66ECC00B103EC /* Release */,
			);
			defaultConfigurationIsVisible = 0;
			defaultConfigurationName = Release;
		};
/* End XCConfigurationList section */
	};
	rootObject = 66385FA320C66ECB00B103EC /* Project object */;
}
